
Microsoft Visual Studio Solution File, Format Version 12.00
# Visual Studio 14
VisualStudioVersion = 14.0.24720.0
MinimumVisualStudioVersion = 10.0.40219.1
Project("{FAE04EC0-301F-11D3-BF4B-00C04F79EFBC}") = "6", "6\6.csproj", "{B0D70423-5E11-4E57-941C-A6C71BB1967F}"
EndProject
Global
	GlobalSection(SolutionConfigurationPlatforms) = preSolution
		Debug|Any CPU = Debug|Any CPU
		Release|Any CPU = Release|Any CPU
	EndGlobalSection
	GlobalSection(ProjectConfigurationPlatforms) = postSolution
		{B0D70423-5E11-4E57-941C-A6C71BB1967F}.Debug|Any CPU.ActiveCfg = Debug|Any CPU
		{B0D70423-5E11-4E57-941C-A6C71BB1967F}.Debug|Any CPU.Build.0 = Debug|Any CPU
		{B0D70423-5E11-4E57-941C-A6C71BB1967F}.Release|Any CPU.ActiveCfg = Release|Any CPU
		{B0D70423-5E11-4E57-941C-A6C71BB1967F}.Release|Any CPU.Build.0 = Release|Any CPU
	EndGlobalSection
	GlobalSection(SolutionProperties) = preSolution
		HideSolutionNode = FALSE
	EndGlobalSection
EndGlobal
